
Microsoft Visual Studio Solution File, Format Version 12.00
# Visual Studio Version 17
VisualStudioVersion = 17.12.35707.178
MinimumVisualStudioVersion = 10.0.40219.1
Project("{FAE04EC0-301F-11D3-BF4B-00C04F79EFBC}") = "API_ApplicazioneCalendario", "API_ApplicazioneCalendario.csproj", "{60F1AB34-2504-41C8-A355-2F34DAAA2405}"
EndProject
Project("{FAE04EC0-301F-11D3-BF4B-00C04F79EFBC}") = "CalendarioFrontEnd", "..\CalendarioFrontEnd\CalendarioFrontEnd.csproj", "{A1DDFE2A-5D6A-46BE-8AAD-0D5F28D9E35D}"
EndProject
Project("{FAE04EC0-301F-11D3-BF4B-00C04F79EFBC}") = "SharedLibrary", "..\SharedLibrary\SharedLibrary.csproj", "{EBC880E2-7984-4C11-8850-712FE72986AB}"
EndProject
Project("{FAE04EC0-301F-11D3-BF4B-00C04F79EFBC}") = "ServiceDefaults", "..\ServiceDefaults\ServiceDefaults.csproj", "{ABCFE25B-5108-4145-9D1B-9A04A26F474A}"
EndProject
Project("{FAE04EC0-301F-11D3-BF4B-00C04F79EFBC}") = "AppHost", "..\AppHost\AppHost.csproj", "{0F950D10-71AE-48CE-9CE4-1151DB4C41C1}"
EndProject
Global
	GlobalSection(SolutionConfigurationPlatforms) = preSolution
		Debug|Any CPU = Debug|Any CPU
		Release|Any CPU = Release|Any CPU
	EndGlobalSection
	GlobalSection(ProjectConfigurationPlatforms) = postSolution
		{60F1AB34-2504-41C8-A355-2F34DAAA2405}.Debug|Any CPU.ActiveCfg = Debug|Any CPU
		{60F1AB34-2504-41C8-A355-2F34DAAA2405}.Debug|Any CPU.Build.0 = Debug|Any CPU
		{60F1AB34-2504-41C8-A355-2F34DAAA2405}.Release|Any CPU.ActiveCfg = Release|Any CPU
		{60F1AB34-2504-41C8-A355-2F34DAAA2405}.Release|Any CPU.Build.0 = Release|Any CPU
		{A1DDFE2A-5D6A-46BE-8AAD-0D5F28D9E35D}.Debug|Any CPU.ActiveCfg = Debug|Any CPU
		{A1DDFE2A-5D6A-46BE-8AAD-0D5F28D9E35D}.Debug|Any CPU.Build.0 = Debug|Any CPU
		{A1DDFE2A-5D6A-46BE-8AAD-0D5F28D9E35D}.Release|Any CPU.ActiveCfg = Release|Any CPU
		{A1DDFE2A-5D6A-46BE-8AAD-0D5F28D9E35D}.Release|Any CPU.Build.0 = Release|Any CPU
		{EBC880E2-7984-4C11-8850-712FE72986AB}.Debug|Any CPU.ActiveCfg = Debug|Any CPU
		{EBC880E2-7984-4C11-8850-712FE72986AB}.Debug|Any CPU.Build.0 = Debug|Any CPU
		{EBC880E2-7984-4C11-8850-712FE72986AB}.Release|Any CPU.ActiveCfg = Release|Any CPU
		{EBC880E2-7984-4C11-8850-712FE72986AB}.Release|Any CPU.Build.0 = Release|Any CPU
		{ABCFE25B-5108-4145-9D1B-9A04A26F474A}.Debug|Any CPU.ActiveCfg = Debug|Any CPU
		{ABCFE25B-5108-4145-9D1B-9A04A26F474A}.Debug|Any CPU.Build.0 = Debug|Any CPU
		{ABCFE25B-5108-4145-9D1B-9A04A26F474A}.Release|Any CPU.ActiveCfg = Release|Any CPU
		{ABCFE25B-5108-4145-9D1B-9A04A26F474A}.Release|Any CPU.Build.0 = Release|Any CPU
		{0F950D10-71AE-48CE-9CE4-1151DB4C41C1}.Debug|Any CPU.ActiveCfg = Debug|Any CPU
		{0F950D10-71AE-48CE-9CE4-1151DB4C41C1}.Debug|Any CPU.Build.0 = Debug|Any CPU
		{0F950D10-71AE-48CE-9CE4-1151DB4C41C1}.Release|Any CPU.ActiveCfg = Release|Any CPU
		{0F950D10-71AE-48CE-9CE4-1151DB4C41C1}.Release|Any CPU.Build.0 = Release|Any CPU
	EndGlobalSection
	GlobalSection(SolutionProperties) = preSolution
		HideSolutionNode = FALSE
	EndGlobalSection
	GlobalSection(ExtensibilityGlobals) = postSolution
		SolutionGuid = {09FB3CCA-365C-43A9-9481-0703625F8D8C}
	EndGlobalSection
EndGlobal
